
Microsoft Visual Studio Solution File, Format Version 12.00
# Visual Studio Version 17
VisualStudioVersion = 17.4.33110.190
MinimumVisualStudioVersion = 10.0.40219.1
Project("{FAE04EC0-301F-11D3-BF4B-00C04F79EFBC}") = "Ispalidronomo", "Ispalidronomo\Ispalidronomo.csproj", "{301F045F-0D12-41F4-8002-497B6FDEB0F8}"
EndProject
Global
	GlobalSection(SolutionConfigurationPlatforms) = preSolution
		Debug|Any CPU = Debug|Any CPU
		Release|Any CPU = Release|Any CPU
	EndGlobalSection
	GlobalSection(ProjectConfigurationPlatforms) = postSolution
		{301F045F-0D12-41F4-8002-497B6FDEB0F8}.Debug|Any CPU.ActiveCfg = Debug|Any CPU
		{301F045F-0D12-41F4-8002-497B6FDEB0F8}.Debug|Any CPU.Build.0 = Debug|Any CPU
		{301F045F-0D12-41F4-8002-497B6FDEB0F8}.Release|Any CPU.ActiveCfg = Release|Any CPU
		{301F045F-0D12-41F4-8002-497B6FDEB0F8}.Release|Any CPU.Build.0 = Release|Any CPU
	EndGlobalSection
	GlobalSection(SolutionProperties) = preSolution
		HideSolutionNode = FALSE
	EndGlobalSection
	GlobalSection(ExtensibilityGlobals) = postSolution
		SolutionGuid = {8BAB040A-F5C9-44C4-9809-C75313303B30}
	EndGlobalSection
EndGlobal
